
Microsoft Visual Studio Solution File, Format Version 12.00
# Visual Studio Version 17
VisualStudioVersion = 17.14.37516.0
MinimumVisualStudioVersion = 10.0.40219.1
Project("{FAE04EC0-301F-11D3-BF4B-00C04F79EFBC}") = "CLI", "CLI\CLI.csproj", "{3EDD44D3-D802-4585-ACCD-025392BA38D8}"
EndProject
Project("{FAE04EC0-301F-11D3-BF4B-00C04F79EFBC}") = "Application", "Application\Application.csproj", "{99EC1174-DF04-4C51-8641-4A1376C24030}"
EndProject
Project("{FAE04EC0-301F-11D3-BF4B-00C04F79EFBC}") = "Application.Repository", "Application.Repository\Application.Repository.csproj", "{6A11E176-DE74-4439-AEA5-1F52546A7F09}"
EndProject
Project("{FAE04EC0-301F-11D3-BF4B-00C04F79EFBC}") = "Infrastructure.Persistence.SQLite", "Infrastructure.Persistence.SQLite\Infrastructure.Persistence.SQLite.csproj", "{2ECDA9EF-880C-4E68-8260-D97043A4852D}"
EndProject
Project("{2150E333-8FDC-42A3-9474-1A3956D46DE8}") = "Infrastructure", "Infrastructure", "{36D591C7-65C7-A0D1-1CBC-10CDE441BDC8}"
EndProject
Project("{2150E333-8FDC-42A3-9474-1A3956D46DE8}") = "Prsenters", "Prsenters", "{159A8D3B-13B4-4555-B629-D00E44CDB8F1}"
EndProject
Project("{2150E333-8FDC-42A3-9474-1A3956D46DE8}") = "Application", "Application", "{4F7A6FA2-466B-4CB6-80E7-D2097F83FAEB}"
EndProject
Project("{FAE04EC0-301F-11D3-BF4B-00C04F79EFBC}") = "WebAPI", "WebAPI\WebAPI.csproj", "{1EDE3F8C-575B-4027-9AA8-94623D105A6F}"
EndProject
Project("{FAE04EC0-301F-11D3-BF4B-00C04F79EFBC}") = "Application.SwitchHandling.Provider", "Application.SwitchHandling.Provider\Application.SwitchHandling.Provider.csproj", "{866EC0C5-EA80-45A2-B7AF-4EA84E875958}"
EndProject
Project("{2150E333-8FDC-42A3-9474-1A3956D46DE8}") = "SwitchHandling", "SwitchHandling", "{9460E06A-F96F-403C-BCCE-5EACA84EF5FE}"
EndProject
Project("{FAE04EC0-301F-11D3-BF4B-00C04F79EFBC}") = "Application.SwitchHandling.Handler", "Application.SwitchHandling.Handler\Application.SwitchHandling.Handler.csproj", "{B3569FD1-B2BA-42F6-B784-0F0C06D408DD}"
EndProject
Project("{2150E333-8FDC-42A3-9474-1A3956D46DE8}") = "SwitchHandling", "SwitchHandling", "{2D226771-A3CB-4177-9865-7D3A34A255C0}"
EndProject
Project("{FAE04EC0-301F-11D3-BF4B-00C04F79EFBC}") = "Infrastructure.SwitchHandling.Provider.DI", "Infrastructure.SwitchHandling.Provider.DI\Infrastructure.SwitchHandling.Provider.DI.csproj", "{F01A564B-5F58-4F89-A558-B2BD7A1D7370}"
EndProject
Project("{FAE04EC0-301F-11D3-BF4B-00C04F79EFBC}") = "Infrastructure.SwitchHandling.Handler.HPComware5", "Infrastructure.SwitchHandling.Handler.HPComware5\Infrastructure.SwitchHandling.Handler.HPComware5.csproj", "{BE48F2A9-EF63-4D99-85E9-38616E7B0B03}"
EndProject
Project("{2150E333-8FDC-42A3-9474-1A3956D46DE8}") = "Src", "Src", "{C0E7175D-8E24-4F2B-8832-B655DCF3879D}"
EndProject
Project("{2150E333-8FDC-42A3-9474-1A3956D46DE8}") = "Tests", "Tests", "{C97CF83A-7316-438A-8BA0-2FA8B0DC893D}"
EndProject
Project("{FAE04EC0-301F-11D3-BF4B-00C04F79EFBC}") = "Application.UnitTests", "Application.UnitTests\Application.UnitTests.csproj", "{E40A130D-1E52-44A0-B23C-80B6B31C67C8}"
EndProject
Global
	GlobalSection(SolutionConfigurationPlatforms) = preSolution
		Debug|Any CPU = Debug|Any CPU
		Release|Any CPU = Release|Any CPU
	EndGlobalSection
	GlobalSection(ProjectConfigurationPlatforms) = postSolution
		{3EDD44D3-D802-4585-ACCD-025392BA38D8}.Debug|Any CPU.ActiveCfg = Debug|Any CPU
		{3EDD44D3-D802-4585-ACCD-025392BA38D8}.Debug|Any CPU.Build.0 = Debug|Any CPU
		{3EDD44D3-D802-4585-ACCD-025392BA38D8}.Release|Any CPU.ActiveCfg = Release|Any CPU
		{3EDD44D3-D802-4585-ACCD-025392BA38D8}.Release|Any CPU.Build.0 = Release|Any CPU
		{99EC1174-DF04-4C51-8641-4A1376C24030}.Debug|Any CPU.ActiveCfg = Debug|Any CPU
		{99EC1174-DF04-4C51-8641-4A1376C24030}.Debug|Any CPU.Build.0 = Debug|Any CPU
		{99EC1174-DF04-4C51-8641-4A1376C24030}.Release|Any CPU.ActiveCfg = Release|Any CPU
		{99EC1174-DF04-4C51-8641-4A1376C24030}.Release|Any CPU.Build.0 = Release|Any CPU
		{6A11E176-DE74-4439-AEA5-1F52546A7F09}.Debug|Any CPU.ActiveCfg = Debug|Any CPU
		{6A11E176-DE74-4439-AEA5-1F52546A7F09}.Debug|Any CPU.Build.0 = Debug|Any CPU
		{6A11E176-DE74-4439-AEA5-1F52546A7F09}.Release|Any CPU.ActiveCfg = Release|Any CPU
		{6A11E176-DE74-4439-AEA5-1F52546A7F09}.Release|Any CPU.Build.0 = Release|Any CPU
		{2ECDA9EF-880C-4E68-8260-D97043A4852D}.Debug|Any CPU.ActiveCfg = Debug|Any CPU
		{2ECDA9EF-880C-4E68-8260-D97043A4852D}.Debug|Any CPU.Build.0 = Debug|Any CPU
		{2ECDA9EF-880C-4E68-8260-D97043A4852D}.Release|Any CPU.ActiveCfg = Release|Any CPU
		{2ECDA9EF-880C-4E68-8260-D97043A4852D}.Release|Any CPU.Build.0 = Release|Any CPU
		{1EDE3F8C-575B-4027-9AA8-94623D105A6F}.Debug|Any CPU.ActiveCfg = Debug|Any CPU
		{1EDE3F8C-575B-4027-9AA8-94623D105A6F}.Debug|Any CPU.Build.0 = Debug|Any CPU
		{1EDE3F8C-575B-4027-9AA8-94623D105A6F}.Release|Any CPU.ActiveCfg = Release|Any CPU
		{1EDE3F8C-575B-4027-9AA8-94623D105A6F}.Release|Any CPU.Build.0 = Release|Any CPU
		{866EC0C5-EA80-45A2-B7AF-4EA84E875958}.Debug|Any CPU.ActiveCfg = Debug|Any CPU
		{866EC0C5-EA80-45A2-B7AF-4EA84E875958}.Debug|Any CPU.Build.0 = Debug|Any CPU
		{866EC0C5-EA80-45A2-B7AF-4EA84E875958}.Release|Any CPU.ActiveCfg = Release|Any CPU
		{866EC0C5-EA80-45A2-B7AF-4EA84E875958}.Release|Any CPU.Build.0 = Release|Any CPU
		{B3569FD1-B2BA-42F6-B784-0F0C06D408DD}.Debug|Any CPU.ActiveCfg = Debug|Any CPU
		{B3569FD1-B2BA-42F6-B784-0F0C06D408DD}.Debug|Any CPU.Build.0 = Debug|Any CPU
		{B3569FD1-B2BA-42F6-B784-0F0C06D408DD}.Release|Any CPU.ActiveCfg = Release|Any CPU
		{B3569FD1-B2BA-42F6-B784-0F0C06D408DD}.Release|Any CPU.Build.0 = Release|Any CPU
		{F01A564B-5F58-4F89-A558-B2BD7A1D7370}.Debug|Any CPU.ActiveCfg = Debug|Any CPU
		{F01A564B-5F58-4F89-A558-B2BD7A1D7370}.Debug|Any CPU.Build.0 = Debug|Any CPU
		{F01A564B-5F58-4F89-A558-B2BD7A1D7370}.Release|Any CPU.ActiveCfg = Release|Any CPU
		{F01A564B-5F58-4F89-A558-B2BD7A1D7370}.Release|Any CPU.Build.0 = Release|Any CPU
		{BE48F2A9-EF63-4D99-85E9-38616E7B0B03}.Debug|Any CPU.ActiveCfg = Debug|Any CPU
		{BE48F2A9-EF63-4D99-85E9-38616E7B0B03}.Debug|Any CPU.Build.0 = Debug|Any CPU
		{BE48F2A9-EF63-4D99-85E9-38616E7B0B03}.Release|Any CPU.ActiveCfg = Release|Any CPU
		{BE48F2A9-EF63-4D99-85E9-38616E7B0B03}.Release|Any CPU.Build.0 = Release|Any CPU
		{E40A130D-1E52-44A0-B23C-80B6B31C67C8}.Debug|Any CPU.ActiveCfg = Debug|Any CPU
		{E40A130D-1E52-44A0-B23C-80B6B31C67C8}.Debug|Any CPU.Build.0 = Debug|Any CPU
		{E40A130D-1E52-44A0-B23C-80B6B31C67C8}.Release|Any CPU.ActiveCfg = Release|Any CPU
		{E40A130D-1E52-44A0-B23C-80B6B31C67C8}.Release|Any CPU.Build.0 = Release|Any CPU
	EndGlobalSection
	GlobalSection(SolutionProperties) = preSolution
		HideSolutionNode = FALSE
	EndGlobalSection
	GlobalSection(NestedProjects) = preSolution
		{3EDD44D3-D802-4585-ACCD-025392BA38D8} = {159A8D3B-13B4-4555-B629-D00E44CDB8F1}
		{99EC1174-DF04-4C51-8641-4A1376C24030} = {4F7A6FA2-466B-4CB6-80E7-D2097F83FAEB}
		{6A11E176-DE74-4439-AEA5-1F52546A7F09} = {4F7A6FA2-466B-4CB6-80E7-D2097F83FAEB}
		{2ECDA9EF-880C-4E68-8260-D97043A4852D} = {36D591C7-65C7-A0D1-1CBC-10CDE441BDC8}
		{36D591C7-65C7-A0D1-1CBC-10CDE441BDC8} = {C0E7175D-8E24-4F2B-8832-B655DCF3879D}
		{159A8D3B-13B4-4555-B629-D00E44CDB8F1} = {C0E7175D-8E24-4F2B-8832-B655DCF3879D}
		{4F7A6FA2-466B-4CB6-80E7-D2097F83FAEB} = {C0E7175D-8E24-4F2B-8832-B655DCF3879D}
		{1EDE3F8C-575B-4027-9AA8-94623D105A6F} = {159A8D3B-13B4-4555-B629-D00E44CDB8F1}
		{866EC0C5-EA80-45A2-B7AF-4EA84E875958} = {9460E06A-F96F-403C-BCCE-5EACA84EF5FE}
		{9460E06A-F96F-403C-BCCE-5EACA84EF5FE} = {4F7A6FA2-466B-4CB6-80E7-D2097F83FAEB}
		{B3569FD1-B2BA-42F6-B784-0F0C06D408DD} = {9460E06A-F96F-403C-BCCE-5EACA84EF5FE}
		{2D226771-A3CB-4177-9865-7D3A34A255C0} = {36D591C7-65C7-A0D1-1CBC-10CDE441BDC8}
		{F01A564B-5F58-4F89-A558-B2BD7A1D7370} = {2D226771-A3CB-4177-9865-7D3A34A255C0}
		{BE48F2A9-EF63-4D99-85E9-38616E7B0B03} = {2D226771-A3CB-4177-9865-7D3A34A255C0}
		{E40A130D-1E52-44A0-B23C-80B6B31C67C8} = {C97CF83A-7316-438A-8BA0-2FA8B0DC893D}
	EndGlobalSection
	GlobalSection(ExtensibilityGlobals) = postSolution
		SolutionGuid = {6C9F37BE-1FA6-4A9A-90E4-1B239FDECD35}
	EndGlobalSection
EndGlobal
